hash: 0d65073cb5669a5d87d1dbe09b5f201078db566d960ba2a98db623c7915fb947
updated: 2018-09-13T13:42:33.335403668+08:00
imports:
- name: github.com/gin-contrib/sse
  version: 22d885f9ecc78bf4ee5d72b937e4bbcdc58e8cae
- name: github.com/gin-gonic/gin
  version: b869fe1415e4b9eb52f247441830d502aece2d4d
  subpackages:
  - binding
  - json
  - render
- name: github.com/go-sql-driver/mysql
  version: d523deb1b23d913de5bdada721a6071e71283618
- name: github.com/go-xorm/builder
  version: 377feedb49e3aab9537dcb7e428b74f06635fb54
- name: github.com/go-xorm/core
  version: b8d39bd0ff10e7262fa46dbc18c784308bd47e14
- name: github.com/go-xorm/xorm
  version: d85bb4911c725a53b135fc12862748a41b6c07da
- name: github.com/golang/protobuf
  version: 0f2620f554cf5c8e281a2eb655a035f5a0f6dc90
  subpackages:
  - proto
- name: github.com/json-iterator/go
  version: 1624edc4454b8682399def8740d46db5e4362ba4
- name: github.com/mattn/go-isatty
  version: 3fb116b820352b7f0c281308a4d6250c22d94e27
- name: github.com/modern-go/concurrent
  version: bacd9c7ef1dd9b15be4a9909b8ac7a4e313eec94
- name: github.com/modern-go/reflect2
  version: 94122c33edd36123c84d5368cfb2b69df93a0ec8
- name: github.com/ugorji/go
  version: e253f1f20942cb6dc505e504e8bbba4b7f434cb2
  subpackages:
  - codec
- name: golang.org/x/sys
  version: d0be0721c37eeb5299f245a996a483160fc36940
  subpackages:
  - unix
- name: google.golang.org/appengine
  version: 03cac3b07182cfb08c0d0c0b6ee72a1ceb151c92
  subpackages:
  - cloudsql
- name: gopkg.in/gin-gonic/gin.v1
  version: b869fe1415e4b9eb52f247441830d502aece2d4d
- name: gopkg.in/go-playground/validator.v8
  version: 5f1438d3fca68893a817e4a66806cea46a9e4ebf
- name: gopkg.in/yaml.v2
  version: 5420a8b6744d3b0345ab293f6fcba19c978f1183
testImports: []
